
Microsoft Visual Studio Solution File, Format Version 12.00
# Visual Studio 15
VisualStudioVersion = 15.0.28010.2041
MinimumVisualStudioVersion = 10.0.40219.1
Project("{FAE04EC0-301F-11D3-BF4B-00C04F79EFBC}") = "GradeCalculator", "GradeCalculator\GradeCalculator.csproj", "{A484DBB1-2A4B-4FCB-B4A8-AE32820C1F69}"
EndProject
Global
	GlobalSection(SolutionConfigurationPlatforms) = preSolution
		Debug|Any CPU = Debug|Any CPU
		Release|Any CPU = Release|Any CPU
	EndGlobalSection
	GlobalSection(ProjectConfigurationPlatforms) = postSolution
		{A484DBB1-2A4B-4FCB-B4A8-AE32820C1F69}.Debug|Any CPU.ActiveCfg = Debug|Any CPU
		{A484DBB1-2A4B-4FCB-B4A8-AE32820C1F69}.Debug|Any CPU.Build.0 = Debug|Any CPU
		{A484DBB1-2A4B-4FCB-B4A8-AE32820C1F69}.Release|Any CPU.ActiveCfg = Release|Any CPU
		{A484DBB1-2A4B-4FCB-B4A8-AE32820C1F69}.Release|Any CPU.Build.0 = Release|Any CPU
	EndGlobalSection
	GlobalSection(SolutionProperties) = preSolution
		HideSolutionNode = FALSE
	EndGlobalSection
	GlobalSection(ExtensibilityGlobals) = postSolution
		SolutionGuid = {096074B0-658F-4EB9-A69F-9CEAC2835077}
	EndGlobalSection
EndGlobal
